// !$*UTF8*$!
{
	archiveVersion = 1;
	classes = {
	};
	objectVersion = 50;
	objects = {

/* Begin PBXBuildFile section */
		B69BDB1024E5EB090041798B /* Tests_iOS.swift in Sources */ = {isa = PBXBuildFile; fileRef = B69BDB0F24E5EB090041798B /* Tests_iOS.swift */; };
		B69BDB1B24E5EB090041798B /* Tests_macOS.swift in Sources */ = {isa = PBXBuildFile; fileRef = B69BDB1A24E5EB090041798B /* Tests_macOS.swift */; };
		B69BDB1D24E5EB090041798B /* SwiftUI2GridSampleApp.swift in Sources */ = {isa = PBXBuildFile; fileRef = B69BDAF424E5EB080041798B /* SwiftUI2GridSampleApp.swift */; };
		B69BDB1E24E5EB090041798B /* SwiftUI2GridSampleApp.swift in Sources */ = {isa = PBXBuildFile; fileRef = B69BDAF424E5EB080041798B /* SwiftUI2GridSampleApp.swift */; };
		B69BDB1F24E5EB090041798B /* ContentView.swift in Sources */ = {isa = PBXBuildFile; fileRef = B69BDAF524E5EB080041798B /* ContentView.swift */; };
		B69BDB2024E5EB090041798B /* ContentView.swift in Sources */ = {isa = PBXBuildFile; fileRef = B69BDAF524E5EB080041798B /* ContentView.swift */; };
		B69BDB2124E5EB090041798B /* Assets.xcassets in Resources */ = {isa = PBXBuildFile; fileRef = B69BDAF624E5EB090041798B /* Assets.xcassets */; };
		B69BDB2224E5EB090041798B /* Assets.xcassets in Resources */ = {isa = PBXBuildFile; fileRef = B69BDAF624E5EB090041798B /* Assets.xcassets */; };
		B69BDB3224E5EBF10041798B /* Emojis.swift in Sources */ = {isa = PBXBuildFile; fileRef = B69BDB3124E5EBF10041798B /* Emojis.swift */; };
		B69BDB3324E5EBF10041798B /* Emojis.swift in Sources */ = {isa = PBXBuildFile; fileRef = B69BDB3124E5EBF10041798B /* Emojis.swift */; };
/* End PBXBuildFile section */

/* Begin PBXContainerItemProxy section */
		B69BDB0C24E5EB090041798B /* PBXContainerItemProxy */ = {
			isa = PBXContainerItemProxy;
			containerPortal = B69BDAEF24E5EB080041798B /* Project object */;
			proxyType = 1;
			remoteGlobalIDString = B69BDAFA24E5EB090041798B;
			remoteInfo = "SwiftUI2GridSample (iOS)";
		};
		B69BDB1724E5EB090041798B /* PBXContainerItemProxy */ = {
			isa = PBXContainerItemProxy;
			containerPortal = B69BDAEF24E5EB080041798B /* Project object */;
			proxyType = 1;
			remoteGlobalIDString = B69BDB0224E5EB090041798B;
			remoteInfo = "SwiftUI2GridSample (macOS)";
		};
/* End PBXContainerItemProxy section */

/* Begin PBXFileReference section */
		B69BDAF424E5EB080041798B /* SwiftUI2GridSampleApp.swift */ = {isa = PBXFileReference; lastKnownFileType = sourcecode.swift; path = SwiftUI2GridSampleApp.swift; sourceTree = "<group>"; };
		B69BDAF524E5EB080041798B /* ContentView.swift */ = {isa = PBXFileReference; lastKnownFileType = sourcecode.swift; path = ContentView.swift; sourceTree = "<group>"; };
		B69BDAF624E5EB090041798B /* Assets.xcassets */ = {isa = PBXFileReference; lastKnownFileType = folder.assetcatalog; path = Assets.xcassets; sourceTree = "<group>"; };
		B69BDAFB24E5EB090041798B /* SwiftUI2GridSample.app */ = {isa = PBXFileReference; explicitFileType = wrapper.application; includeInIndex = 0; path = SwiftUI2GridSample.app; sourceTree = BUILT_PRODUCTS_DIR; };
		B69BDAFE24E5EB090041798B /* Info.plist */ = {isa = PBXFileReference; lastKnownFileType = text.plist.xml; path = Info.plist; sourceTree = "<group>"; };
		B69BDB0324E5EB090041798B /* SwiftUI2GridSample.app */ = {isa = PBXFileReference; explicitFileType = wrapper.application; includeInIndex = 0; path = SwiftUI2GridSample.app; sourceTree = BUILT_PRODUCTS_DIR; };
		B69BDB0524E5EB090041798B /* Info.plist */ = {isa = PBXFileReference; lastKnownFileType = text.plist.xml; path = Info.plist; sourceTree = "<group>"; };
		B69BDB0624E5EB090041798B /* macOS.entitlements */ = {isa = PBXFileReference; lastKnownFileType = text.plist.entitlements; path = macOS.entitlements; sourceTree = "<group>"; };
		B69BDB0B24E5EB090041798B /* Tests iOS.xctest */ = {isa = PBXFileReference; explicitFileType = wrapper.cfbundle; includeInIndex = 0; path = "Tests iOS.xctest"; sourceTree = BUILT_PRODUCTS_DIR; };
		B69BDB0F24E5EB090041798B /* Tests_iOS.swift */ = {isa = PBXFileReference; lastKnownFileType = sourcecode.swift; path = Tests_iOS.swift; sourceTree = "<group>"; };
		B69BDB1124E5EB090041798B /* Info.plist */ = {isa = PBXFileReference; lastKnownFileType = text.plist.xml; path = Info.plist; sourceTree = "<group>"; };
		B69BDB1624E5EB090041798B /* Tests macOS.xctest */ = {isa = PBXFileReference; explicitFileType = wrapper.cfbundle; includeInIndex = 0; path = "Tests macOS.xctest"; sourceTree = BUILT_PRODUCTS_DIR; };
		B69BDB1A24E5EB090041798B /* Tests_macOS.swift */ = {isa = PBXFileReference; lastKnownFileType = sourcecode.swift; path = Tests_macOS.swift; sourceTree = "<group>"; };
		B69BDB1C24E5EB090041798B /* Info.plist */ = {isa = PBXFileReference; lastKnownFileType = text.plist.xml; path = Info.plist; sourceTree = "<group>"; };
		B69BDB3124E5EBF10041798B /* Emojis.swift */ = {isa = PBXFileReference; lastKnownFileType = sourcecode.swift; path = Emojis.swift; sourceTree = "<group>"; };
/* End PBXFileReference section */

/* Begin PBXFrameworksBuildPhase section */
		B69BDAF824E5EB090041798B /* Frameworks */ = {
			isa = PBXFrameworksBuildPhase;
			buildActionMask = 2147483647;
			files = (
			);
			runOnlyForDeploymentPostprocessing = 0;
		};
		B69BDB0024E5EB090041798B /* Frameworks */ = {
			isa = PBXFrameworksBuildPhase;
			buildActionMask = 2147483647;
			files = (
			);
			runOnlyForDeploymentPostprocessing = 0;
		};
		B69BDB0824E5EB090041798B /* Frameworks */ = {
			isa = PBXFrameworksBuildPhase;
			buildActionMask = 2147483647;
			files = (
			);
			runOnlyForDeploymentPostprocessing = 0;
		};
		B69BDB1324E5EB090041798B /* Frameworks */ = {
			isa = PBXFrameworksBuildPhase;
			buildActionMask = 2147483647;
			files = (
			);
			runOnlyForDeploymentPostprocessing = 0;
		};
/* End PBXFrameworksBuildPhase section */

/* Begin PBXGroup section */
		B69BDAEE24E5EB080041798B = {
			isa = PBXGroup;
			children = (
				B69BDAF324E5EB080041798B /* Shared */,
				B69BDAFD24E5EB090041798B /* iOS */,
				B69BDB0424E5EB090041798B /* macOS */,
				B69BDB0E24E5EB090041798B /* Tests iOS */,
				B69BDB1924E5EB090041798B /* Tests macOS */,
				B69BDAFC24E5EB090041798B /* Products */,
			);
			sourceTree = "<group>";
		};
		B69BDAF324E5EB080041798B /* Shared */ = {
			isa = PBXGroup;
			children = (
				B69BDAF424E5EB080041798B /* SwiftUI2GridSampleApp.swift */,
				B69BDAF524E5EB080041798B /* ContentView.swift */,
				B69BDB3124E5EBF10041798B /* Emojis.swift */,
				B69BDAF624E5EB090041798B /* Assets.xcassets */,
			);
			path = Shared;
			sourceTree = "<group>";
		};
		B69BDAFC24E5EB090041798B /* Products */ = {
			isa = PBXGroup;
			children = (
				B69BDAFB24E5EB090041798B /* SwiftUI2GridSample.app */,
				B69BDB0324E5EB090041798B /* SwiftUI2GridSample.app */,
				B69BDB0B24E5EB090041798B /* Tests iOS.xctest */,
				B69BDB1624E5EB090041798B /* Tests macOS.xctest */,
			);
			name = Products;
			sourceTree = "<group>";
		};
		B69BDAFD24E5EB090041798B /* iOS */ = {
			isa = PBXGroup;
			children = (
				B69BDAFE24E5EB090041798B /* Info.plist */,
			);
			path = iOS;
			sourceTree = "<group>";
		};
		B69BDB0424E5EB090041798B /* macOS */ = {
			isa = PBXGroup;
			children = (
				B69BDB0524E5EB090041798B /* Info.plist */,
				B69BDB0624E5EB090041798B /* macOS.entitlements */,
			);
			path = macOS;
			sourceTree = "<group>";
		};
		B69BDB0E24E5EB090041798B /* Tests iOS */ = {
			isa = PBXGroup;
			children = (
				B69BDB0F24E5EB090041798B /* Tests_iOS.swift */,
				B69BDB1124E5EB090041798B /* Info.plist */,
			);
			path = "Tests iOS";
			sourceTree = "<group>";
		};
		B69BDB1924E5EB090041798B /* Tests macOS */ = {
			isa = PBXGroup;
			children = (
				B69BDB1A24E5EB090041798B /* Tests_macOS.swift */,
				B69BDB1C24E5EB090041798B /* Info.plist */,
			);
			path = "Tests macOS";
			sourceTree = "<group>";
		};
/* End PBXGroup section */

/* Begin PBXNativeTarget section */
		B69BDAFA24E5EB090041798B /* SwiftUI2GridSample (iOS) */ = {
			isa = PBXNativeTarget;
			buildConfigurationList = B69BDB2524E5EB090041798B /* Build configuration list for PBXNativeTarget "SwiftUI2GridSample (iOS)" */;
			buildPhases = (
				B69BDAF724E5EB090041798B /* Sources */,
				B69BDAF824E5EB090041798B /* Frameworks */,
				B69BDAF924E5EB090041798B /* Resources */,
			);
			buildRules = (
			);
			dependencies = (
			);
			name = "SwiftUI2GridSample (iOS)";
			productName = "SwiftUI2GridSample (iOS)";
			productReference = B69BDAFB24E5EB090041798B /* SwiftUI2GridSample.app */;
			productType = "com.apple.product-type.application";
		};
		B69BDB0224E5EB090041798B /* SwiftUI2GridSample (macOS) */ = {
			isa = PBXNativeTarget;
			buildConfigurationList = B69BDB2824E5EB090041798B /* Build configuration list for PBXNativeTarget "SwiftUI2GridSample (macOS)" */;
			buildPhases = (
				B69BDAFF24E5EB090041798B /* Sources */,
				B69BDB0024E5EB090041798B /* Frameworks */,
				B69BDB0124E5EB090041798B /* Resources */,
			);
			buildRules = (
			);
			dependencies = (
			);
			name = "SwiftUI2GridSample (macOS)";
			productName = "SwiftUI2GridSample (macOS)";
			productReference = B69BDB0324E5EB090041798B /* SwiftUI2GridSample.app */;
			productType = "com.apple.product-type.application";
		};
		B69BDB0A24E5EB090041798B /* Tests iOS */ = {
			isa = PBXNativeTarget;
			buildConfigurationList = B69BDB2B24E5EB090041798B /* Build configuration list for PBXNativeTarget "Tests iOS" */;
			buildPhases = (
				B69BDB0724E5EB090041798B /* Sources */,
				B69BDB0824E5EB090041798B /* Frameworks */,
				B69BDB0924E5EB090041798B /* Resources */,
			);
			buildRules = (
			);
			dependencies = (
				B69BDB0D24E5EB090041798B /* PBXTargetDependency */,
			);
			name = "Tests iOS";
			productName = "Tests iOS";
			productReference = B69BDB0B24E5EB090041798B /* Tests iOS.xctest */;
			productType = "com.apple.product-type.bundle.ui-testing";
		};
		B69BDB1524E5EB090041798B /* Tests macOS */ = {
			isa = PBXNativeTarget;
			buildConfigurationList = B69BDB2E24E5EB090041798B /* Build configuration list for PBXNativeTarget "Tests macOS" */;
			buildPhases = (
				B69BDB1224E5EB090041798B /* Sources */,
				B69BDB1324E5EB090041798B /* Frameworks */,
				B69BDB1424E5EB090041798B /* Resources */,
			);
			buildRules = (
			);
			dependencies = (
				B69BDB1824E5EB090041798B /* PBXTargetDependency */,
			);
			name = "Tests macOS";
			productName = "Tests macOS";
			productReference = B69BDB1624E5EB090041798B /* Tests macOS.xctest */;
			productType = "com.apple.product-type.bundle.ui-testing";
		};
/* End PBXNativeTarget section */

/* Begin PBXProject section */
		B69BDAEF24E5EB080041798B /* Project object */ = {
			isa = PBXProject;
			attributes = {
				LastSwiftUpdateCheck = 1200;
				LastUpgradeCheck = 1200;
				TargetAttributes = {
					B69BDAFA24E5EB090041798B = {
						CreatedOnToolsVersion = 12.0;
					};
					B69BDB0224E5EB090041798B = {
						CreatedOnToolsVersion = 12.0;
					};
					B69BDB0A24E5EB090041798B = {
						CreatedOnToolsVersion = 12.0;
						TestTargetID = B69BDAFA24E5EB090041798B;
					};
					B69BDB1524E5EB090041798B = {
						CreatedOnToolsVersion = 12.0;
						TestTargetID = B69BDB0224E5EB090041798B;
					};
				};
			};
			buildConfigurationList = B69BDAF224E5EB080041798B /* Build configuration list for PBXProject "SwiftUI2GridSample" */;
			compatibilityVersion = "Xcode 9.3";
			developmentRegion = en;
			hasScannedForEncodings = 0;
			knownRegions = (
				en,
				Base,
			);
			mainGroup = B69BDAEE24E5EB080041798B;
			productRefGroup = B69BDAFC24E5EB090041798B /* Products */;
			projectDirPath = "";
			projectRoot = "";
			targets = (
				B69BDAFA24E5EB090041798B /* SwiftUI2GridSample (iOS) */,
				B69BDB0224E5EB090041798B /* SwiftUI2GridSample (macOS) */,
				B69BDB0A24E5EB090041798B /* Tests iOS */,
				B69BDB1524E5EB090041798B /* Tests macOS */,
			);
		};
/* End PBXProject section */

/* Begin PBXResourcesBuildPhase section */
		B69BDAF924E5EB090041798B /* Resources */ = {
			isa = PBXResourcesBuildPhase;
			buildActionMask = 2147483647;
			files = (
				B69BDB2124E5EB090041798B /* Assets.xcassets in Resources */,
			);
			runOnlyForDeploymentPostprocessing = 0;
		};
		B69BDB0124E5EB090041798B /* Resources */ = {
			isa = PBXResourcesBuildPhase;
			buildActionMask = 2147483647;
			files = (
				B69BDB2224E5EB090041798B /* Assets.xcassets in Resources */,
			);
			runOnlyForDeploymentPostprocessing = 0;
		};
		B69BDB0924E5EB090041798B /* Resources */ = {
			isa = PBXResourcesBuildPhase;
			buildActionMask = 2147483647;
			files = (
			);
			runOnlyForDeploymentPostprocessing = 0;
		};
		B69BDB1424E5EB090041798B /* Resources */ = {
			isa = PBXResourcesBuildPhase;
			buildActionMask = 2147483647;
			files = (
			);
			runOnlyForDeploymentPostprocessing = 0;
		};
/* End PBXResourcesBuildPhase section */

/* Begin PBXSourcesBuildPhase section */
		B69BDAF724E5EB090041798B /* Sources */ = {
			isa = PBXSourcesBuildPhase;
			buildActionMask = 2147483647;
			files = (
				B69BDB3224E5EBF10041798B /* Emojis.swift in Sources */,
				B69BDB1F24E5EB090041798B /* ContentView.swift in Sources */,
				B69BDB1D24E5EB090041798B /* SwiftUI2GridSampleApp.swift in Sources */,
			);
			runOnlyForDeploymentPostprocessing = 0;
		};
		B69BDAFF24E5EB090041798B /* Sources */ = {
			isa = PBXSourcesBuildPhase;
			buildActionMask = 2147483647;
			files = (
				B69BDB3324E5EBF10041798B /* Emojis.swift in Sources */,
				B69BDB2024E5EB090041798B /* ContentView.swift in Sources */,
				B69BDB1E24E5EB090041798B /* SwiftUI2GridSampleApp.swift in Sources */,
			);
			runOnlyForDeploymentPostprocessing = 0;
		};
		B69BDB0724E5EB090041798B /* Sources */ = {
			isa = PBXSourcesBuildPhase;
			buildActionMask = 2147483647;
			files = (
				B69BDB1024E5EB090041798B /* Tests_iOS.swift in Sources */,
			);
			runOnlyForDeploymentPostprocessing = 0;
		};
		B69BDB1224E5EB090041798B /* Sources */ = {
			isa = PBXSourcesBuildPhase;
			buildActionMask = 2147483647;
			files = (
				B69BDB1B24E5EB090041798B /* Tests_macOS.swift in Sources */,
			);
			runOnlyForDeploymentPostprocessing = 0;
		};
/* End PBXSourcesBuildPhase section */

/* Begin PBXTargetDependency section */
		B69BDB0D24E5EB090041798B /* PBXTargetDependency */ = {
			isa = PBXTargetDependency;
			target = B69BDAFA24E5EB090041798B /* SwiftUI2GridSample (iOS) */;
			targetProxy = B69BDB0C24E5EB090041798B /* PBXContainerItemProxy */;
		};
		B69BDB1824E5EB090041798B /* PBXTargetDependency */ = {
			isa = PBXTargetDependency;
			target = B69BDB0224E5EB090041798B /* SwiftUI2GridSample (macOS) */;
			targetProxy = B69BDB1724E5EB090041798B /* PBXContainerItemProxy */;
		};
/* End PBXTargetDependency section */

/* Begin XCBuildConfiguration section */
		B69BDB2324E5EB090041798B /* Debug */ = {
			isa = XCBuildConfiguration;
			buildSettings = {
				ALWAYS_SEARCH_USER_PATHS = NO;
				CLANG_ANALYZER_NONNULL = YES;
				CLANG_ANALYZER_NUMBER_OBJECT_CONVERSION = YES_AGGRESSIVE;
				CLANG_CXX_LANGUAGE_STANDARD = "gnu++14";
				CLANG_CXX_LIBRARY = "libc++";
				CLANG_ENABLE_MODULES = YES;
				CLANG_ENABLE_OBJC_ARC = YES;
				CLANG_ENABLE_OBJC_WEAK = YES;
				CLANG_WARN_BLOCK_CAPTURE_AUTORELEASING = YES;
				CLANG_WARN_BOOL_CONVERSION = YES;
				CLANG_WARN_COMMA = YES;
				CLANG_WARN_CONSTANT_CONVERSION = YES;
				CLANG_WARN_DEPRECATED_OBJC_IMPLEMENTATIONS = YES;
				CLANG_WARN_DIRECT_OBJC_ISA_USAGE = YES_ERROR;
				CLANG_WARN_DOCUMENTATION_COMMENTS = YES;
				CLANG_WARN_EMPTY_BODY = YES;
				CLANG_WARN_ENUM_CONVERSION = YES;
				CLANG_WARN_INFINITE_RECURSION = YES;
				CLANG_WARN_INT_CONVERSION = YES;
				CLANG_WARN_NON_LITERAL_NULL_CONVERSION = YES;
				CLANG_WARN_OBJC_IMPLICIT_RETAIN_SELF = YES;
				CLANG_WARN_OBJC_LITERAL_CONVERSION = YES;
				CLANG_WARN_OBJC_ROOT_CLASS = YES_ERROR;
				CLANG_WARN_QUOTED_INCLUDE_IN_FRAMEWORK_HEADER = YES;
				CLANG_WARN_RANGE_LOOP_ANALYSIS = YES;
				CLANG_WARN_STRICT_PROTOTYPES = YES;
				CLANG_WARN_SUSPICIOUS_MOVE = YES;
				CLANG_WARN_UNGUARDED_AVAILABILITY = YES_AGGRESSIVE;
				CLANG_WARN_UNREACHABLE_CODE = YES;
				CLANG_WARN__DUPLICATE_METHOD_MATCH = YES;
				COPY_PHASE_STRIP = NO;
				DEBUG_INFORMATION_FORMAT = dwarf;
				ENABLE_STRICT_OBJC_MSGSEND = YES;
				ENABLE_TESTABILITY = YES;
				GCC_C_LANGUAGE_STANDARD = gnu11;
				GCC_DYNAMIC_NO_PIC = NO;
				GCC_NO_COMMON_BLOCKS = YES;
				GCC_OPTIMIZATION_LEVEL = 0;
				GCC_PREPROCESSOR_DEFINITIONS = (
					"DEBUG=1",
					"$(inherited)",
				);
				GCC_WARN_64_TO_32_BIT_CONVERSION = YES;
				GCC_WARN_ABOUT_RETURN_TYPE = YES_ERROR;
				GCC_WARN_UNDECLARED_SELECTOR = YES;
				GCC_WARN_UNINITIALIZED_AUTOS = YES_AGGRESSIVE;
				GCC_WARN_UNUSED_FUNCTION = YES;
				GCC_WARN_UNUSED_VARIABLE = YES;
				MTL_ENABLE_DEBUG_INFO = INCLUDE_SOURCE;
				MTL_FAST_MATH = YES;
				ONLY_ACTIVE_ARCH = YES;
				SWIFT_ACTIVE_COMPILATION_CONDITIONS = DEBUG;
				SWIFT_OPTIMIZATION_LEVEL = "-Onone";
			};
			name = Debug;
		};
		B69BDB2424E5EB090041798B /* Release */ = {
			isa = XCBuildConfiguration;
			buildSettings = {
				ALWAYS_SEARCH_USER_PATHS = NO;
				CLANG_ANALYZER_NONNULL = YES;
				CLANG_ANALYZER_NUMBER_OBJECT_CONVERSION = YES_AGGRESSIVE;
				CLANG_CXX_LANGUAGE_STANDARD = "gnu++14";
				CLANG_CXX_LIBRARY = "libc++";
				CLANG_ENABLE_MODULES = YES;
				CLANG_ENABLE_OBJC_ARC = YES;
				CLANG_ENABLE_OBJC_WEAK = YES;
				CLANG_WARN_BLOCK_CAPTURE_AUTORELEASING = YES;
				CLANG_WARN_BOOL_CONVERSION = YES;
				CLANG_WARN_COMMA = YES;
				CLANG_WARN_CONSTANT_CONVERSION = YES;
				CLANG_WARN_DEPRECATED_OBJC_IMPLEMENTATIONS = YES;
				CLANG_WARN_DIRECT_OBJC_ISA_USAGE = YES_ERROR;
				CLANG_WARN_DOCUMENTATION_COMMENTS = YES;
				CLANG_WARN_EMPTY_BODY = YES;
				CLANG_WARN_ENUM_CONVERSION = YES;
				CLANG_WARN_INFINITE_RECURSION = YES;
				CLANG_WARN_INT_CONVERSION = YES;
				CLANG_WARN_NON_LITERAL_NULL_CONVERSION = YES;
				CLANG_WARN_OBJC_IMPLICIT_RETAIN_SELF = YES;
				CLANG_WARN_OBJC_LITERAL_CONVERSION = YES;
				CLANG_WARN_OBJC_ROOT_CLASS = YES_ERROR;
				CLANG_WARN_QUOTED_INCLUDE_IN_FRAMEWORK_HEADER = YES;
				CLANG_WARN_RANGE_LOOP_ANALYSIS = YES;
				CLANG_WARN_STRICT_PROTOTYPES = YES;
				CLANG_WARN_SUSPICIOUS_MOVE = YES;
				CLANG_WARN_UNGUARDED_AVAILABILITY = YES_AGGRESSIVE;
				CLANG_WARN_UNREACHABLE_CODE = YES;
				CLANG_WARN__DUPLICATE_METHOD_MATCH = YES;
				COPY_PHASE_STRIP = NO;
				DEBUG_INFORMATION_FORMAT = "dwarf-with-dsym";
				ENABLE_NS_ASSERTIONS = NO;
				ENABLE_STRICT_OBJC_MSGSEND = YES;
				GCC_C_LANGUAGE_STANDARD = gnu11;
				GCC_NO_COMMON_BLOCKS = YES;
				GCC_WARN_64_TO_32_BIT_CONVERSION = YES;
				GCC_WARN_ABOUT_RETURN_TYPE = YES_ERROR;
				GCC_WARN_UNDECLARED_SELECTOR = YES;
				GCC_WARN_UNINITIALIZED_AUTOS = YES_AGGRESSIVE;
				GCC_WARN_UNUSED_FUNCTION = YES;
				GCC_WARN_UNUSED_VARIABLE = YES;
				MTL_ENABLE_DEBUG_INFO = NO;
				MTL_FAST_MATH = YES;
				SWIFT_COMPILATION_MODE = wholemodule;
				SWIFT_OPTIMIZATION_LEVEL = "-O";
			};
			name = Release;
		};
		B69BDB2624E5EB090041798B /* Debug */ = {
			isa = XCBuildConfiguration;
			buildSettings = {
				ASSETCATALOG_COMPILER_APPICON_NAME = AppIcon;
				ASSETCATALOG_COMPILER_GLOBAL_ACCENT_COLOR_NAME = AccentColor;
				CODE_SIGN_STYLE = Automatic;
				DEVELOPMENT_TEAM = 8ER86CP2SB;
				ENABLE_PREVIEWS = YES;
				INFOPLIST_FILE = iOS/Info.plist;
				IPHONEOS_DEPLOYMENT_TARGET = 14.0;
				LD_RUNPATH_SEARCH_PATHS = (
					"$(inherited)",
					"@executable_path/Frameworks",
				);
				PRODUCT_BUNDLE_IDENTIFIER = com.moca.hira22.sample.SwiftUI2GridSample;
				PRODUCT_NAME = SwiftUI2GridSample;
				SDKROOT = iphoneos;
				SWIFT_VERSION = 5.0;
				TARGETED_DEVICE_FAMILY = "1,2";
			};
			name = Debug;
		};
		B69BDB2724E5EB090041798B /* Release */ = {
			isa = XCBuildConfiguration;
			buildSettings = {
				ASSETCATALOG_COMPILER_APPICON_NAME = AppIcon;
				ASSETCATALOG_COMPILER_GLOBAL_ACCENT_COLOR_NAME = AccentColor;
				CODE_SIGN_STYLE = Automatic;
				DEVELOPMENT_TEAM = 8ER86CP2SB;
				ENABLE_PREVIEWS = YES;
				INFOPLIST_FILE = iOS/Info.plist;
				IPHONEOS_DEPLOYMENT_TARGET = 14.0;
				LD_RUNPATH_SEARCH_PATHS = (
					"$(inherited)",
					"@executable_path/Frameworks",
				);
				PRODUCT_BUNDLE_IDENTIFIER = com.moca.hira22.sample.SwiftUI2GridSample;
				PRODUCT_NAME = SwiftUI2GridSample;
				SDKROOT = iphoneos;
				SWIFT_VERSION = 5.0;
				TARGETED_DEVICE_FAMILY = "1,2";
				VALIDATE_PRODUCT = YES;
			};
			name = Release;
		};
		B69BDB2924E5EB090041798B /* Debug */ = {
			isa = XCBuildConfiguration;
			buildSettings = {
				ASSETCATALOG_COMPILER_APPICON_NAME = AppIcon;
				ASSETCATALOG_COMPILER_GLOBAL_ACCENT_COLOR_NAME = AccentColor;
				CODE_SIGN_ENTITLEMENTS = macOS/macOS.entitlements;
				CODE_SIGN_STYLE = Automatic;
				COMBINE_HIDPI_IMAGES = YES;
				DEVELOPMENT_TEAM = 8ER86CP2SB;
				ENABLE_HARDENED_RUNTIME = YES;
				ENABLE_PREVIEWS = YES;
				INFOPLIST_FILE = macOS/Info.plist;
				LD_RUNPATH_SEARCH_PATHS = (
					"$(inherited)",
					"@executable_path/../Frameworks",
				);
				MACOSX_DEPLOYMENT_TARGET = 11.0;
				PRODUCT_BUNDLE_IDENTIFIER = com.moca.hira22.sample.SwiftUI2GridSample;
				PRODUCT_NAME = SwiftUI2GridSample;
				SDKROOT = macosx;
				SWIFT_VERSION = 5.0;
			};
			name = Debug;
		};
		B69BDB2A24E5EB090041798B /* Release */ = {
			isa = XCBuildConfiguration;
			buildSettings = {
				ASSETCATALOG_COMPILER_APPICON_NAME = AppIcon;
				ASSETCATALOG_COMPILER_GLOBAL_ACCENT_COLOR_NAME = AccentColor;
				CODE_SIGN_ENTITLEMENTS = macOS/macOS.entitlements;
				CODE_SIGN_STYLE = Automatic;
				COMBINE_HIDPI_IMAGES = YES;
				DEVELOPMENT_TEAM = 8ER86CP2SB;
				ENABLE_HARDENED_RUNTIME = YES;
				ENABLE_PREVIEWS = YES;
				INFOPLIST_FILE = macOS/Info.plist;
				LD_RUNPATH_SEARCH_PATHS = (
					"$(inherited)",
					"@executable_path/../Frameworks",
				);
				MACOSX_DEPLOYMENT_TARGET = 11.0;
				PRODUCT_BUNDLE_IDENTIFIER = com.moca.hira22.sample.SwiftUI2GridSample;
				PRODUCT_NAME = SwiftUI2GridSample;
				SDKROOT = macosx;
				SWIFT_VERSION = 5.0;
			};
			name = Release;
		};
		B69BDB2C24E5EB090041798B /* Debug */ = {
			isa = XCBuildConfiguration;
			buildSettings = {
				ALWAYS_EMBED_SWIFT_STANDARD_LIBRARIES = YES;
				CODE_SIGN_STYLE = Automatic;
				DEVELOPMENT_TEAM = 8ER86CP2SB;
				INFOPLIST_FILE = "Tests iOS/Info.plist";
				IPHONEOS_DEPLOYMENT_TARGET = 14.0;
				LD_RUNPATH_SEARCH_PATHS = (
					"$(inherited)",
					"@executable_path/Frameworks",
					"@loader_path/Frameworks",
				);
				PRODUCT_BUNDLE_IDENTIFIER = "com.moca.hira22.sample.Tests-iOS";
				PRODUCT_NAME = "$(TARGET_NAME)";
				SDKROOT = iphoneos;
				SWIFT_VERSION = 5.0;
				TARGETED_DEVICE_FAMILY = "1,2";
				TEST_TARGET_NAME = "SwiftUI2GridSample (iOS)";
			};
			name = Debug;
		};
		B69BDB2D24E5EB090041798B /* Release */ = {
			isa = XCBuildConfiguration;
			buildSettings = {
				ALWAYS_EMBED_SWIFT_STANDARD_LIBRARIES = YES;
				CODE_SIGN_STYLE = Automatic;
				DEVELOPMENT_TEAM = 8ER86CP2SB;
				INFOPLIST_FILE = "Tests iOS/Info.plist";
				IPHONEOS_DEPLOYMENT_TARGET = 14.0;
				LD_RUNPATH_SEARCH_PATHS = (
					"$(inherited)",
					"@executable_path/Frameworks",
					"@loader_path/Frameworks",
				);
				PRODUCT_BUNDLE_IDENTIFIER = "com.moca.hira22.sample.Tests-iOS";
				PRODUCT_NAME = "$(TARGET_NAME)";
				SDKROOT = iphoneos;
				SWIFT_VERSION = 5.0;
				TARGETED_DEVICE_FAMILY = "1,2";
				TEST_TARGET_NAME = "SwiftUI2GridSample (iOS)";
				VALIDATE_PRODUCT = YES;
			};
			name = Release;
		};
		B69BDB2F24E5EB090041798B /* Debug */ = {
			isa = XCBuildConfiguration;
			buildSettings = {
				ALWAYS_EMBED_SWIFT_STANDARD_LIBRARIES = YES;
				CODE_SIGN_STYLE = Automatic;
				COMBINE_HIDPI_IMAGES = YES;
				DEVELOPMENT_TEAM = 8ER86CP2SB;
				INFOPLIST_FILE = "Tests macOS/Info.plist";
				LD_RUNPATH_SEARCH_PATHS = (
					"$(inherited)",
					"@executable_path/../Frameworks",
					"@loader_path/../Frameworks",
				);
				MACOSX_DEPLOYMENT_TARGET = 11.0;
				PRODUCT_BUNDLE_IDENTIFIER = "com.moca.hira22.sample.Tests-macOS";
				PRODUCT_NAME = "$(TARGET_NAME)";
				SDKROOT = macosx;
				SWIFT_VERSION = 5.0;
				TEST_TARGET_NAME = "SwiftUI2GridSample (macOS)";
			};
			name = Debug;
		};
		B69BDB3024E5EB090041798B /* Release */ = {
			isa = XCBuildConfiguration;
			buildSettings = {
				ALWAYS_EMBED_SWIFT_STANDARD_LIBRARIES = YES;
				CODE_SIGN_STYLE = Automatic;
				COMBINE_HIDPI_IMAGES = YES;
				DEVELOPMENT_TEAM = 8ER86CP2SB;
				INFOPLIST_FILE = "Tests macOS/Info.plist";
				LD_RUNPATH_SEARCH_PATHS = (
					"$(inherited)",
					"@executable_path/../Frameworks",
					"@loader_path/../Frameworks",
				);
				MACOSX_DEPLOYMENT_TARGET = 11.0;
				PRODUCT_BUNDLE_IDENTIFIER = "com.moca.hira22.sample.Tests-macOS";
				PRODUCT_NAME = "$(TARGET_NAME)";
				SDKROOT = macosx;
				SWIFT_VERSION = 5.0;
				TEST_TARGET_NAME = "SwiftUI2GridSample (macOS)";
			};
			name = Release;
		};
/* End XCBuildConfiguration section */

/* Begin XCConfigurationList section */
		B69BDAF224E5EB080041798B /* Build configuration list for PBXProject "SwiftUI2GridSample" */ = {
			isa = XCConfigurationList;
			buildConfigurations = (
				B69BDB2324E5EB090041798B /* Debug */,
				B69BDB2424E5EB090041798B /* Release */,
			);
			defaultConfigurationIsVisible = 0;
			defaultConfigurationName = Release;
		};
		B69BDB2524E5EB090041798B /* Build configuration list for PBXNativeTarget "SwiftUI2GridSample (iOS)" */ = {
			isa = XCConfigurationList;
			buildConfigurations = (
				B69BDB2624E5EB090041798B /* Debug */,
				B69BDB2724E5EB090041798B /* Release */,
			);
			defaultConfigurationIsVisible = 0;
			defaultConfigurationName = Release;
		};
		B69BDB2824E5EB090041798B /* Build configuration list for PBXNativeTarget "SwiftUI2GridSample (macOS)" */ = {
			isa = XCConfigurationList;
			buildConfigurations = (
				B69BDB2924E5EB090041798B /* Debug */,
				B69BDB2A24E5EB090041798B /* Release */,
			);
			defaultConfigurationIsVisible = 0;
			defaultConfigurationName = Release;
		};
		B69BDB2B24E5EB090041798B /* Build configuration list for PBXNativeTarget "Tests iOS" */ = {
			isa = XCConfigurationList;
			buildConfigurations = (
				B69BDB2C24E5EB090041798B /* Debug */,
				B69BDB2D24E5EB090041798B /* Release */,
			);
			defaultConfigurationIsVisible = 0;
			defaultConfigurationName = Release;
		};
		B69BDB2E24E5EB090041798B /* Build configuration list for PBXNativeTarget "Tests macOS" */ = {
			isa = XCConfigurationList;
			buildConfigurations = (
				B69BDB2F24E5EB090041798B /* Debug */,
				B69BDB3024E5EB090041798B /* Release */,
			);
			defaultConfigurationIsVisible = 0;
			defaultConfigurationName = Release;
		};
/* End XCConfigurationList section */
	};
	rootObject = B69BDAEF24E5EB080041798B /* Project object */;
}
